
Microsoft Visual Studio Solution File, Format Version 12.00
# Visual Studio Version 16
VisualStudioVersion = 16.0.32126.315
MinimumVisualStudioVersion = 10.0.40219.1
Project("{FAE04EC0-301F-11D3-BF4B-00C04F79EFBC}") = "RevitAPITraining43", "RevitAPITraining43\RevitAPITraining43.csproj", "{90104872-5D47-43C2-A86B-E1BD58403F13}"
EndProject
Global
	GlobalSection(SolutionConfigurationPlatforms) = preSolution
		Debug|Any CPU = Debug|Any CPU
		Release|Any CPU = Release|Any CPU
	EndGlobalSection
	GlobalSection(ProjectConfigurationPlatforms) = postSolution
		{90104872-5D47-43C2-A86B-E1BD58403F13}.Debug|Any CPU.ActiveCfg = Debug|Any CPU
		{90104872-5D47-43C2-A86B-E1BD58403F13}.Debug|Any CPU.Build.0 = Debug|Any CPU
		{90104872-5D47-43C2-A86B-E1BD58403F13}.Release|Any CPU.ActiveCfg = Release|Any CPU
		{90104872-5D47-43C2-A86B-E1BD58403F13}.Release|Any CPU.Build.0 = Release|Any CPU
	EndGlobalSection
	GlobalSection(SolutionProperties) = preSolution
		HideSolutionNode = FALSE
	EndGlobalSection
	GlobalSection(ExtensibilityGlobals) = postSolution
		SolutionGuid = {3FB770A7-5414-4BFB-B675-0723C5D6E02A}
	EndGlobalSection
EndGlobal
